// !$*UTF8*$!
{
	archiveVersion = 1;
	classes = {
	};
	objectVersion = 46;
	objects = {

/* Begin PBXBuildFile section */
		00D5C77E1D4595B900FEEC0F /* AppDelegate.swift in Sources */ = {isa = PBXBuildFile; fileRef = 00D5C77D1D4595B900FEEC0F /* AppDelegate.swift */; };
		00D5C7831D4595B900FEEC0F /* Main.storyboard in Resources */ = {isa = PBXBuildFile; fileRef = 00D5C7811D4595B900FEEC0F /* Main.storyboard */; };
		00D5C7851D4595B900FEEC0F /* Assets.xcassets in Resources */ = {isa = PBXBuildFile; fileRef = 00D5C7841D4595B900FEEC0F /* Assets.xcassets */; };
		00D5C7881D4595B900FEEC0F /* LaunchScreen.storyboard in Resources */ = {isa = PBXBuildFile; fileRef = 00D5C7861D4595B900FEEC0F /* LaunchScreen.storyboard */; };
		00D5C7B01D45A0D400FEEC0F /* JFGoodListCell.swift in Sources */ = {isa = PBXBuildFile; fileRef = 00D5C7AF1D45A0D400FEEC0F /* JFGoodListCell.swift */; };
		00D5C7B21D45A0E300FEEC0F /* JFGoodModel.swift in Sources */ = {isa = PBXBuildFile; fileRef = 00D5C7B11D45A0E300FEEC0F /* JFGoodModel.swift */; };
		00D5C7B41D45A11800FEEC0F /* JFShoppingCartCell.swift in Sources */ = {isa = PBXBuildFile; fileRef = 00D5C7B31D45A11800FEEC0F /* JFShoppingCartCell.swift */; };
		00D5C7B61D45A18A00FEEC0F /* JFOldPriceLabel.swift in Sources */ = {isa = PBXBuildFile; fileRef = 00D5C7B51D45A18A00FEEC0F /* JFOldPriceLabel.swift */; };
		00D5C7B81D45A1A700FEEC0F /* JFGoodListViewController.swift in Sources */ = {isa = PBXBuildFile; fileRef = 00D5C7B71D45A1A700FEEC0F /* JFGoodListViewController.swift */; };
		00D5C7BA1D45A1B200FEEC0F /* JFShoppingCartViewController.swift in Sources */ = {isa = PBXBuildFile; fileRef = 00D5C7B91D45A1B200FEEC0F /* JFShoppingCartViewController.swift */; };
		AE4442C2890045FA7E0DF470 /* Pods_test_shoppingCart.framework in Frameworks */ = {isa = PBXBuildFile; fileRef = 98025A0F37206FAC3D7B470A /* Pods_test_shoppingCart.framework */; };
/* End PBXBuildFile section */

/* Begin PBXFileReference section */
		00D5C77A1D4595B900FEEC0F /* test-shoppingCart.app */ = {isa = PBXFileReference; explicitFileType = wrapper.application; includeInIndex = 0; path = "test-shoppingCart.app"; sourceTree = BUILT_PRODUCTS_DIR; };
		00D5C77D1D4595B900FEEC0F /* AppDelegate.swift */ = {isa = PBXFileReference; lastKnownFileType = sourcecode.swift; path = AppDelegate.swift; sourceTree = "<group>"; };
		00D5C7821D4595B900FEEC0F /* Base */ = {isa = PBXFileReference; lastKnownFileType = file.storyboard; name = Base; path = Base.lproj/Main.storyboard; sourceTree = "<group>"; };
		00D5C7841D4595B900FEEC0F /* Assets.xcassets */ = {isa = PBXFileReference; lastKnownFileType = folder.assetcatalog; path = Assets.xcassets; sourceTree = "<group>"; };
		00D5C7871D4595B900FEEC0F /* Base */ = {isa = PBXFileReference; lastKnownFileType = file.storyboard; name = Base; path = Base.lproj/LaunchScreen.storyboard; sourceTree = "<group>"; };
		00D5C7891D4595B900FEEC0F /* Info.plist */ = {isa = PBXFileReference; lastKnownFileType = text.plist.xml; path = Info.plist; sourceTree = "<group>"; };
		00D5C7AF1D45A0D400FEEC0F /* JFGoodListCell.swift */ = {isa = PBXFileReference; fileEncoding = 4; lastKnownFileType = sourcecode.swift; path = JFGoodListCell.swift; sourceTree = "<group>"; };
		00D5C7B11D45A0E300FEEC0F /* JFGoodModel.swift */ = {isa = PBXFileReference; fileEncoding = 4; lastKnownFileType = sourcecode.swift; path = JFGoodModel.swift; sourceTree = "<group>"; };
		00D5C7B31D45A11800FEEC0F /* JFShoppingCartCell.swift */ = {isa = PBXFileReference; fileEncoding = 4; lastKnownFileType = sourcecode.swift; path = JFShoppingCartCell.swift; sourceTree = "<group>"; };
		00D5C7B51D45A18A00FEEC0F /* JFOldPriceLabel.swift */ = {isa = PBXFileReference; fileEncoding = 4; lastKnownFileType = sourcecode.swift; path = JFOldPriceLabel.swift; sourceTree = "<group>"; };
		00D5C7B71D45A1A700FEEC0F /* JFGoodListViewController.swift */ = {isa = PBXFileReference; fileEncoding = 4; lastKnownFileType = sourcecode.swift; path = JFGoodListViewController.swift; sourceTree = "<group>"; };
		00D5C7B91D45A1B200FEEC0F /* JFShoppingCartViewController.swift */ = {isa = PBXFileReference; fileEncoding = 4; lastKnownFileType = sourcecode.swift; path = JFShoppingCartViewController.swift; sourceTree = "<group>"; };
		02698BBF42DF710050143A41 /* Pods-test-shoppingCart.debug.xcconfig */ = {isa = PBXFileReference; includeInIndex = 1; lastKnownFileType = text.xcconfig; name = "Pods-test-shoppingCart.debug.xcconfig"; path = "Pods/Target Support Files/Pods-test-shoppingCart/Pods-test-shoppingCart.debug.xcconfig"; sourceTree = "<group>"; };
		06995F6229C9DAD9FD804AD8 /* Pods-test-shoppingCart.release.xcconfig */ = {isa = PBXFileReference; includeInIndex = 1; lastKnownFileType = text.xcconfig; name = "Pods-test-shoppingCart.release.xcconfig"; path = "Pods/Target Support Files/Pods-test-shoppingCart/Pods-test-shoppingCart.release.xcconfig"; sourceTree = "<group>"; };
		98025A0F37206FAC3D7B470A /* Pods_test_shoppingCart.framework */ = {isa = PBXFileReference; explicitFileType = wrapper.framework; includeInIndex = 0; path = Pods_test_shoppingCart.framework; sourceTree = BUILT_PRODUCTS_DIR; };
/* End PBXFileReference section */

/* Begin PBXFrameworksBuildPhase section */
		00D5C7771D4595B900FEEC0F /* Frameworks */ = {
			isa = PBXFrameworksBuildPhase;
			buildActionMask = 2147483647;
			files = (
				AE4442C2890045FA7E0DF470 /* Pods_test_shoppingCart.framework in Frameworks */,
			);
			runOnlyForDeploymentPostprocessing = 0;
		};
/* End PBXFrameworksBuildPhase section */

/* Begin PBXGroup section */
		00D5C7711D4595B900FEEC0F = {
			isa = PBXGroup;
			children = (
				00D5C77C1D4595B900FEEC0F /* test-shoppingCart */,
				00D5C77B1D4595B900FEEC0F /* Products */,
				E77C85A0F5DC0A02282253D4 /* Pods */,
				4A87336353B66F1A8360572A /* Frameworks */,
			);
			sourceTree = "<group>";
		};
		00D5C77B1D4595B900FEEC0F /* Products */ = {
			isa = PBXGroup;
			children = (
				00D5C77A1D4595B900FEEC0F /* test-shoppingCart.app */,
			);
			name = Products;
			sourceTree = "<group>";
		};
		00D5C77C1D4595B900FEEC0F /* test-shoppingCart */ = {
			isa = PBXGroup;
			children = (
				00D5C7811D4595B900FEEC0F /* Main.storyboard */,
				00D5C7B71D45A1A700FEEC0F /* JFGoodListViewController.swift */,
				00D5C7B91D45A1B200FEEC0F /* JFShoppingCartViewController.swift */,
				00D5C7AF1D45A0D400FEEC0F /* JFGoodListCell.swift */,
				00D5C7B11D45A0E300FEEC0F /* JFGoodModel.swift */,
				00D5C7B31D45A11800FEEC0F /* JFShoppingCartCell.swift */,
				00D5C7B51D45A18A00FEEC0F /* JFOldPriceLabel.swift */,
				00D5C78F1D4595C400FEEC0F /* Supporting Files */,
			);
			path = "test-shoppingCart";
			sourceTree = "<group>";
		};
		00D5C78F1D4595C400FEEC0F /* Supporting Files */ = {
			isa = PBXGroup;
			children = (
				00D5C77D1D4595B900FEEC0F /* AppDelegate.swift */,
				00D5C7841D4595B900FEEC0F /* Assets.xcassets */,
				00D5C7861D4595B900FEEC0F /* LaunchScreen.storyboard */,
				00D5C7891D4595B900FEEC0F /* Info.plist */,
			);
			name = "Supporting Files";
			sourceTree = "<group>";
		};
		4A87336353B66F1A8360572A /* Frameworks */ = {
			isa = PBXGroup;
			children = (
				98025A0F37206FAC3D7B470A /* Pods_test_shoppingCart.framework */,
			);
			name = Frameworks;
			sourceTree = "<group>";
		};
		E77C85A0F5DC0A02282253D4 /* Pods */ = {
			isa = PBXGroup;
			children = (
				02698BBF42DF710050143A41 /* Pods-test-shoppingCart.debug.xcconfig */,
				06995F6229C9DAD9FD804AD8 /* Pods-test-shoppingCart.release.xcconfig */,
			);
			name = Pods;
			sourceTree = "<group>";
		};
/* End PBXGroup section */

/* Begin PBXNativeTarget section */
		00D5C7791D4595B900FEEC0F /* test-shoppingCart */ = {
			isa = PBXNativeTarget;
			buildConfigurationList = 00D5C78C1D4595B900FEEC0F /* Build configuration list for PBXNativeTarget "test-shoppingCart" */;
			buildPhases = (
				EF78C0D8EE816EB43BD88A44 /* 📦 Check Pods Manifest.lock */,
				00D5C7761D4595B900FEEC0F /* Sources */,
				00D5C7771D4595B900FEEC0F /* Frameworks */,
				00D5C7781D4595B900FEEC0F /* Resources */,
				2394147B365AA15507A3B9F2 /* 📦 Embed Pods Frameworks */,
				AA6359C46C24D48B8F7EFF8C /* 📦 Copy Pods Resources */,
			);
			buildRules = (
			);
			dependencies = (
			);
			name = "test-shoppingCart";
			productName = "test-shoppingCart";
			productReference = 00D5C77A1D4595B900FEEC0F /* test-shoppingCart.app */;
			productType = "com.apple.product-type.application";
		};
/* End PBXNativeTarget section */

/* Begin PBXProject section */
		00D5C7721D4595B900FEEC0F /* Project object */ = {
			isa = PBXProject;
			attributes = {
				LastSwiftUpdateCheck = 0730;
				LastUpgradeCheck = 0730;
				ORGANIZATIONNAME = "sara and jeff";
				TargetAttributes = {
					00D5C7791D4595B900FEEC0F = {
						CreatedOnToolsVersion = 7.3.1;
					};
				};
			};
			buildConfigurationList = 00D5C7751D4595B900FEEC0F /* Build configuration list for PBXProject "test-shoppingCart" */;
			compatibilityVersion = "Xcode 3.2";
			developmentRegion = English;
			hasScannedForEncodings = 0;
			knownRegions = (
				en,
				Base,
			);
			mainGroup = 00D5C7711D4595B900FEEC0F;
			productRefGroup = 00D5C77B1D4595B900FEEC0F /* Products */;
			projectDirPath = "";
			projectRoot = "";
			targets = (
				00D5C7791D4595B900FEEC0F /* test-shoppingCart */,
			);
		};
/* End PBXProject section */

/* Begin PBXResourcesBuildPhase section */
		00D5C7781D4595B900FEEC0F /* Resources */ = {
			isa = PBXResourcesBuildPhase;
			buildActionMask = 2147483647;
			files = (
				00D5C7881D4595B900FEEC0F /* LaunchScreen.storyboard in Resources */,
				00D5C7851D4595B900FEEC0F /* Assets.xcassets in Resources */,
				00D5C7831D4595B900FEEC0F /* Main.storyboard in Resources */,
			);
			runOnlyForDeploymentPostprocessing = 0;
		};
/* End PBXResourcesBuildPhase section */

/* Begin PBXShellScriptBuildPhase section */
		2394147B365AA15507A3B9F2 /* 📦 Embed Pods Frameworks */ = {
			isa = PBXShellScriptBuildPhase;
			buildActionMask = 2147483647;
			files = (
			);
			inputPaths = (
			);
			name = "📦 Embed Pods Frameworks";
			outputPaths = (
			);
			runOnlyForDeploymentPostprocessing = 0;
			shellPath = /bin/sh;
			shellScript = "\"${SRCROOT}/Pods/Target Support Files/Pods-test-shoppingCart/Pods-test-shoppingCart-frameworks.sh\"\n";
			showEnvVarsInLog = 0;
		};
		AA6359C46C24D48B8F7EFF8C /* 📦 Copy Pods Resources */ = {
			isa = PBXShellScriptBuildPhase;
			buildActionMask = 2147483647;
			files = (
			);
			inputPaths = (
			);
			name = "📦 Copy Pods Resources";
			outputPaths = (
			);
			runOnlyForDeploymentPostprocessing = 0;
			shellPath = /bin/sh;
			shellScript = "\"${SRCROOT}/Pods/Target Support Files/Pods-test-shoppingCart/Pods-test-shoppingCart-resources.sh\"\n";
			showEnvVarsInLog = 0;
		};
		EF78C0D8EE816EB43BD88A44 /* 📦 Check Pods Manifest.lock */ = {
			isa = PBXShellScriptBuildPhase;
			buildActionMask = 2147483647;
			files = (
			);
			inputPaths = (
			);
			name = "📦 Check Pods Manifest.lock";
			outputPaths = (
			);
			runOnlyForDeploymentPostprocessing = 0;
			shellPath = /bin/sh;
			shellScript = "diff \"${PODS_ROOT}/../Podfile.lock\" \"${PODS_ROOT}/Manifest.lock\" > /dev/null\nif [[ $? != 0 ]] ; then\n    cat << EOM\nerror: The sandbox is not in sync with the Podfile.lock. Run 'pod install' or update your CocoaPods installation.\nEOM\n    exit 1\nfi\n";
			showEnvVarsInLog = 0;
		};
/* End PBXShellScriptBuildPhase section */

/* Begin PBXSourcesBuildPhase section */
		00D5C7761D4595B900FEEC0F /* Sources */ = {
			isa = PBXSourcesBuildPhase;
			buildActionMask = 2147483647;
			files = (
				00D5C7BA1D45A1B200FEEC0F /* JFShoppingCartViewController.swift in Sources */,
				00D5C7B01D45A0D400FEEC0F /* JFGoodListCell.swift in Sources */,
				00D5C7B61D45A18A00FEEC0F /* JFOldPriceLabel.swift in Sources */,
				00D5C7B21D45A0E300FEEC0F /* JFGoodModel.swift in Sources */,
				00D5C7B41D45A11800FEEC0F /* JFShoppingCartCell.swift in Sources */,
				00D5C77E1D4595B900FEEC0F /* AppDelegate.swift in Sources */,
				00D5C7B81D45A1A700FEEC0F /* JFGoodListViewController.swift in Sources */,
			);
			runOnlyForDeploymentPostprocessing = 0;
		};
/* End PBXSourcesBuildPhase section */

/* Begin PBXVariantGroup section */
		00D5C7811D4595B900FEEC0F /* Main.storyboard */ = {
			isa = PBXVariantGroup;
			children = (
				00D5C7821D4595B900FEEC0F /* Base */,
			);
			name = Main.storyboard;
			sourceTree = "<group>";
		};
		00D5C7861D4595B900FEEC0F /* LaunchScreen.storyboard */ = {
			isa = PBXVariantGroup;
			children = (
				00D5C7871D4595B900FEEC0F /* Base */,
			);
			name = LaunchScreen.storyboard;
			sourceTree = "<group>";
		};
/* End PBXVariantGroup section */

/* Begin XCBuildConfiguration section */
		00D5C78A1D4595B900FEEC0F /* Debug */ = {
			isa = XCBuildConfiguration;
			buildSettings = {
				ALWAYS_SEARCH_USER_PATHS = NO;
				CLANG_ANALYZER_NONNULL = YES;
				CLANG_CXX_LANGUAGE_STANDARD = "gnu++0x";
				CLANG_CXX_LIBRARY = "libc++";
				CLANG_ENABLE_MODULES = YES;
				CLANG_ENABLE_OBJC_ARC = YES;
				CLANG_WARN_BOOL_CONVERSION = YES;
				CLANG_WARN_CONSTANT_CONVERSION = YES;
				CLANG_WARN_DIRECT_OBJC_ISA_USAGE = YES_ERROR;
				CLANG_WARN_EMPTY_BODY = YES;
				CLANG_WARN_ENUM_CONVERSION = YES;
				CLANG_WARN_INT_CONVERSION = YES;
				CLANG_WARN_OBJC_ROOT_CLASS = YES_ERROR;
				CLANG_WARN_UNREACHABLE_CODE = YES;
				CLANG_WARN__DUPLICATE_METHOD_MATCH = YES;
				"CODE_SIGN_IDENTITY[sdk=iphoneos*]" = "iPhone Developer";
				COPY_PHASE_STRIP = NO;
				DEBUG_INFORMATION_FORMAT = dwarf;
				ENABLE_STRICT_OBJC_MSGSEND = YES;
				ENABLE_TESTABILITY = YES;
				GCC_C_LANGUAGE_STANDARD = gnu99;
				GCC_DYNAMIC_NO_PIC = NO;
				GCC_NO_COMMON_BLOCKS = YES;
				GCC_OPTIMIZATION_LEVEL = 0;
				GCC_PREPROCESSOR_DEFINITIONS = (
					"DEBUG=1",
					"$(inherited)",
				);
				GCC_WARN_64_TO_32_BIT_CONVERSION = YES;
				GCC_WARN_ABOUT_RETURN_TYPE = YES_ERROR;
				GCC_WARN_UNDECLARED_SELECTOR = YES;
				GCC_WARN_UNINITIALIZED_AUTOS = YES_AGGRESSIVE;
				GCC_WARN_UNUSED_FUNCTION = YES;
				GCC_WARN_UNUSED_VARIABLE = YES;
				IPHONEOS_DEPLOYMENT_TARGET = 9.3;
				MTL_ENABLE_DEBUG_INFO = YES;
				ONLY_ACTIVE_ARCH = YES;
				SDKROOT = iphoneos;
				SWIFT_OPTIMIZATION_LEVEL = "-Onone";
				TARGETED_DEVICE_FAMILY = "1,2";
			};
			name = Debug;
		};
		00D5C78B1D4595B900FEEC0F /* Release */ = {
			isa = XCBuildConfiguration;
			buildSettings = {
				ALWAYS_SEARCH_USER_PATHS = NO;
				CLANG_ANALYZER_NONNULL = YES;
				CLANG_CXX_LANGUAGE_STANDARD = "gnu++0x";
				CLANG_CXX_LIBRARY = "libc++";
				CLANG_ENABLE_MODULES = YES;
				CLANG_ENABLE_OBJC_ARC = YES;
				CLANG_WARN_BOOL_CONVERSION = YES;
				CLANG_WARN_CONSTANT_CONVERSION = YES;
				CLANG_WARN_DIRECT_OBJC_ISA_USAGE = YES_ERROR;
				CLANG_WARN_EMPTY_BODY = YES;
				CLANG_WARN_ENUM_CONVERSION = YES;
				CLANG_WARN_INT_CONVERSION = YES;
				CLANG_WARN_OBJC_ROOT_CLASS = YES_ERROR;
				CLANG_WARN_UNREACHABLE_CODE = YES;
				CLANG_WARN__DUPLICATE_METHOD_MATCH = YES;
				"CODE_SIGN_IDENTITY[sdk=iphoneos*]" = "iPhone Developer";
				COPY_PHASE_STRIP = NO;
				DEBUG_INFORMATION_FORMAT = "dwarf-with-dsym";
				ENABLE_NS_ASSERTIONS = NO;
				ENABLE_STRICT_OBJC_MSGSEND = YES;
				GCC_C_LANGUAGE_STANDARD = gnu99;
				GCC_NO_COMMON_BLOCKS = YES;
				GCC_WARN_64_TO_32_BIT_CONVERSION = YES;
				GCC_WARN_ABOUT_RETURN_TYPE = YES_ERROR;
				GCC_WARN_UNDECLARED_SELECTOR = YES;
				GCC_WARN_UNINITIALIZED_AUTOS = YES_AGGRESSIVE;
				GCC_WARN_UNUSED_FUNCTION = YES;
				GCC_WARN_UNUSED_VARIABLE = YES;
				IPHONEOS_DEPLOYMENT_TARGET = 9.3;
				MTL_ENABLE_DEBUG_INFO = NO;
				SDKROOT = iphoneos;
				TARGETED_DEVICE_FAMILY = "1,2";
				VALIDATE_PRODUCT = YES;
			};
			name = Release;
		};
		00D5C78D1D4595B900FEEC0F /* Debug */ = {
			isa = XCBuildConfiguration;
			baseConfigurationReference = 02698BBF42DF710050143A41 /* Pods-test-shoppingCart.debug.xcconfig */;
			buildSettings = {
				ASSETCATALOG_COMPILER_APPICON_NAME = AppIcon;
				INFOPLIST_FILE = "test-shoppingCart/Info.plist";
				LD_RUNPATH_SEARCH_PATHS = "$(inherited) @executable_path/Frameworks";
				PRODUCT_BUNDLE_IDENTIFIER = "com.dindledoo.test-shoppingCart";
				PRODUCT_NAME = "$(TARGET_NAME)";
			};
			name = Debug;
		};
		00D5C78E1D4595B900FEEC0F /* Release */ = {
			isa = XCBuildConfiguration;
			baseConfigurationReference = 06995F6229C9DAD9FD804AD8 /* Pods-test-shoppingCart.release.xcconfig */;
			buildSettings = {
				ASSETCATALOG_COMPILER_APPICON_NAME = AppIcon;
				INFOPLIST_FILE = "test-shoppingCart/Info.plist";
				LD_RUNPATH_SEARCH_PATHS = "$(inherited) @executable_path/Frameworks";
				PRODUCT_BUNDLE_IDENTIFIER = "com.dindledoo.test-shoppingCart";
				PRODUCT_NAME = "$(TARGET_NAME)";
			};
			name = Release;
		};
/* End XCBuildConfiguration section */

/* Begin XCConfigurationList section */
		00D5C7751D4595B900FEEC0F /* Build configuration list for PBXProject "test-shoppingCart" */ = {
			isa = XCConfigurationList;
			buildConfigurations = (
				00D5C78A1D4595B900FEEC0F /* Debug */,
				00D5C78B1D4595B900FEEC0F /* Release */,
			);
			defaultConfigurationIsVisible = 0;
			defaultConfigurationName = Release;
		};
		00D5C78C1D4595B900FEEC0F /* Build configuration list for PBXNativeTarget "test-shoppingCart" */ = {
			isa = XCConfigurationList;
			buildConfigurations = (
				00D5C78D1D4595B900FEEC0F /* Debug */,
				00D5C78E1D4595B900FEEC0F /* Release */,
			);
			defaultConfigurationIsVisible = 0;
			defaultConfigurationName = Release;
		};
/* End XCConfigurationList section */
	};
	rootObject = 00D5C7721D4595B900FEEC0F /* Project object */;
}
